Microsoft Visual Studio Solution File, Format Version 12.00
# Visual Studio 2012
Project("{FAE04EC0-301F-11D3-BF4B-00C04F79EFBC}") = "Godot Shader Testing", "Godot Shader Testing.csproj", "{6705D4F2-9A01-4CA0-A2E1-87C5E0A7B048}"
EndProject
Global
	GlobalSection(SolutionConfigurationPlatforms) = preSolution
	Debug|Any CPU = Debug|Any CPU
	ExportDebug|Any CPU = ExportDebug|Any CPU
	ExportRelease|Any CPU = ExportRelease|Any CPU
	EndGlobalSection
	GlobalSection(ProjectConfigurationPlatforms) = postSolution
		{6705D4F2-9A01-4CA0-A2E1-87C5E0A7B048}.Debug|Any CPU.ActiveCfg = Debug|Any CPU
		{6705D4F2-9A01-4CA0-A2E1-87C5E0A7B048}.Debug|Any CPU.Build.0 = Debug|Any CPU
		{6705D4F2-9A01-4CA0-A2E1-87C5E0A7B048}.ExportDebug|Any CPU.ActiveCfg = ExportDebug|Any CPU
		{6705D4F2-9A01-4CA0-A2E1-87C5E0A7B048}.ExportDebug|Any CPU.Build.0 = ExportDebug|Any CPU
		{6705D4F2-9A01-4CA0-A2E1-87C5E0A7B048}.ExportRelease|Any CPU.ActiveCfg = ExportRelease|Any CPU
		{6705D4F2-9A01-4CA0-A2E1-87C5E0A7B048}.ExportRelease|Any CPU.Build.0 = ExportRelease|Any CPU
	EndGlobalSection
EndGlobal
